
Microsoft Visual Studio Solution File, Format Version 12.00
# Visual Studio 15
VisualStudioVersion = 15.0.28307.106
MinimumVisualStudioVersion = 10.0.40219.1
Project("{FAE04EC0-301F-11D3-BF4B-00C04F79EFBC}") = "AutoKeySenderApp", "AutoKeySenderApp\AutoKeySenderApp.csproj", "{AF02ACF2-0A8A-4E92-B10C-22FBA44BDDA2}"
EndProject
Global
	GlobalSection(SolutionConfigurationPlatforms) = preSolution
		Debug|Any CPU = Debug|Any CPU
		Release|Any CPU = Release|Any CPU
	EndGlobalSection
	GlobalSection(ProjectConfigurationPlatforms) = postSolution
		{AF02ACF2-0A8A-4E92-B10C-22FBA44BDDA2}.Debug|Any CPU.ActiveCfg = Debug|Any CPU
		{AF02ACF2-0A8A-4E92-B10C-22FBA44BDDA2}.Debug|Any CPU.Build.0 = Debug|Any CPU
		{AF02ACF2-0A8A-4E92-B10C-22FBA44BDDA2}.Release|Any CPU.ActiveCfg = Release|Any CPU
		{AF02ACF2-0A8A-4E92-B10C-22FBA44BDDA2}.Release|Any CPU.Build.0 = Release|Any CPU
	EndGlobalSection
	GlobalSection(SolutionProperties) = preSolution
		HideSolutionNode = FALSE
	EndGlobalSection
	GlobalSection(ExtensibilityGlobals) = postSolution
		SolutionGuid = {70323094-D877-4EF5-9203-8BC5E37E38DB}
	EndGlobalSection
EndGlobal
